
Microsoft Visual Studio Solution File, Format Version 12.00
# Visual Studio 15
VisualStudioVersion = 15.0.28010.2050
MinimumVisualStudioVersion = 10.0.40219.1
Project("{8BC9CEB8-8B4A-11D0-8D11-00A0C91BC942}") = "Invaders", "Invaders\Invaders.vcxproj", "{764E65B7-FDD7-4EA4-BD65-5E80657BA9AF}"
EndProject
Global
	GlobalSection(SolutionConfigurationPlatforms) = preSolution
		Debug|ARM = Debug|ARM
		Debug|ARM64 = Debug|ARM64
		Debug|x64 = Debug|x64
		Debug|x86 = Debug|x86
		Release|ARM = Release|ARM
		Release|ARM64 = Release|ARM64
		Release|x64 = Release|x64
		Release|x86 = Release|x86
	EndGlobalSection
	GlobalSection(ProjectConfigurationPlatforms) = postSolution
		{764E65B7-FDD7-4EA4-BD65-5E80657BA9AF}.Debug|ARM.ActiveCfg = Debug|ARM
		{764E65B7-FDD7-4EA4-BD65-5E80657BA9AF}.Debug|ARM.Build.0 = Debug|ARM
		{764E65B7-FDD7-4EA4-BD65-5E80657BA9AF}.Debug|ARM64.ActiveCfg = Debug|ARM64
		{764E65B7-FDD7-4EA4-BD65-5E80657BA9AF}.Debug|ARM64.Build.0 = Debug|ARM64
		{764E65B7-FDD7-4EA4-BD65-5E80657BA9AF}.Debug|x64.ActiveCfg = Debug|x64
		{764E65B7-FDD7-4EA4-BD65-5E80657BA9AF}.Debug|x64.Build.0 = Debug|x64
		{764E65B7-FDD7-4EA4-BD65-5E80657BA9AF}.Debug|x86.ActiveCfg = Debug|x86
		{764E65B7-FDD7-4EA4-BD65-5E80657BA9AF}.Debug|x86.Build.0 = Debug|x86
		{764E65B7-FDD7-4EA4-BD65-5E80657BA9AF}.Release|ARM.ActiveCfg = Release|ARM
		{764E65B7-FDD7-4EA4-BD65-5E80657BA9AF}.Release|ARM.Build.0 = Release|ARM
		{764E65B7-FDD7-4EA4-BD65-5E80657BA9AF}.Release|ARM64.ActiveCfg = Release|ARM64
		{764E65B7-FDD7-4EA4-BD65-5E80657BA9AF}.Release|ARM64.Build.0 = Release|ARM64
		{764E65B7-FDD7-4EA4-BD65-5E80657BA9AF}.Release|x64.ActiveCfg = Release|x64
		{764E65B7-FDD7-4EA4-BD65-5E80657BA9AF}.Release|x64.Build.0 = Release|x64
		{764E65B7-FDD7-4EA4-BD65-5E80657BA9AF}.Release|x86.ActiveCfg = Release|x86
		{764E65B7-FDD7-4EA4-BD65-5E80657BA9AF}.Release|x86.Build.0 = Release|x86
	EndGlobalSection
	GlobalSection(SolutionProperties) = preSolution
		HideSolutionNode = FALSE
	EndGlobalSection
	GlobalSection(ExtensibilityGlobals) = postSolution
		SolutionGuid = {D66F7E1F-F3C8-4651-B915-12B9D7084C08}
	EndGlobalSection
EndGlobal
